// !$*UTF8*$!
{
	archiveVersion = 1;
	classes = {
	};
	objectVersion = 55;
	objects = {

/* Begin PBXBuildFile section */
		8C6D79ED2841BE53003EEF78 /* LabelView.swift in Sources */ = {isa = PBXBuildFile; fileRef = 8C6D79EC2841BE53003EEF78 /* LabelView.swift */; };
		8C6D79EE2841BE53003EEF78 /* LabelView.swift in Sources */ = {isa = PBXBuildFile; fileRef = 8C6D79EC2841BE53003EEF78 /* LabelView.swift */; };
		8C6D79F02841FA44003EEF78 /* TextFieldView.swift in Sources */ = {isa = PBXBuildFile; fileRef = 8C6D79EF2841FA44003EEF78 /* TextFieldView.swift */; };
		8C6D79F12841FA44003EEF78 /* TextFieldView.swift in Sources */ = {isa = PBXBuildFile; fileRef = 8C6D79EF2841FA44003EEF78 /* TextFieldView.swift */; };
		8C6D79F3284208EA003EEF78 /* TextEditorView.swift in Sources */ = {isa = PBXBuildFile; fileRef = 8C6D79F2284208EA003EEF78 /* TextEditorView.swift */; };
		8C6D79F4284208EA003EEF78 /* TextEditorView.swift in Sources */ = {isa = PBXBuildFile; fileRef = 8C6D79F2284208EA003EEF78 /* TextEditorView.swift */; };
		8C6D79F628420CAE003EEF78 /* ButtonView.swift in Sources */ = {isa = PBXBuildFile; fileRef = 8C6D79F528420CAE003EEF78 /* ButtonView.swift */; };
		8C6D79F728420CAE003EEF78 /* ButtonView.swift in Sources */ = {isa = PBXBuildFile; fileRef = 8C6D79F528420CAE003EEF78 /* ButtonView.swift */; };
		8C75024C2840E46300ECEB99 /* ContentView.swift in Sources */ = {isa = PBXBuildFile; fileRef = 8C75024B2840E46300ECEB99 /* ContentView.swift */; };
		8C75024D2840E46300ECEB99 /* ContentView.swift in Sources */ = {isa = PBXBuildFile; fileRef = 8C75024B2840E46300ECEB99 /* ContentView.swift */; };
		8C7502502840FE5C00ECEB99 /* TextView.swift in Sources */ = {isa = PBXBuildFile; fileRef = 8C75024F2840FE5C00ECEB99 /* TextView.swift */; };
		8C7502512840FE5C00ECEB99 /* TextView.swift in Sources */ = {isa = PBXBuildFile; fileRef = 8C75024F2840FE5C00ECEB99 /* TextView.swift */; };
		8C81827D2840D33B0089735A /* SwiftUI_Hero.xcdatamodeld in Sources */ = {isa = PBXBuildFile; fileRef = 8C81826A2840D33B0089735A /* SwiftUI_Hero.xcdatamodeld */; };
		8C81827E2840D33B0089735A /* SwiftUI_Hero.xcdatamodeld in Sources */ = {isa = PBXBuildFile; fileRef = 8C81826A2840D33B0089735A /* SwiftUI_Hero.xcdatamodeld */; };
		8C81827F2840D33B0089735A /* SwiftUI_HeroApp.swift in Sources */ = {isa = PBXBuildFile; fileRef = 8C81826C2840D33B0089735A /* SwiftUI_HeroApp.swift */; };
		8C8182802840D33B0089735A /* SwiftUI_HeroApp.swift in Sources */ = {isa = PBXBuildFile; fileRef = 8C81826C2840D33B0089735A /* SwiftUI_HeroApp.swift */; };
		8C8182812840D33B0089735A /* CloudContentView.swift in Sources */ = {isa = PBXBuildFile; fileRef = 8C81826D2840D33B0089735A /* CloudContentView.swift */; };
		8C8182822840D33B0089735A /* CloudContentView.swift in Sources */ = {isa = PBXBuildFile; fileRef = 8C81826D2840D33B0089735A /* CloudContentView.swift */; };
		8C8182832840D33B0089735A /* Persistence.swift in Sources */ = {isa = PBXBuildFile; fileRef = 8C81826E2840D33B0089735A /* Persistence.swift */; };
		8C8182842840D33B0089735A /* Persistence.swift in Sources */ = {isa = PBXBuildFile; fileRef = 8C81826E2840D33B0089735A /* Persistence.swift */; };
		8C8182852840D33B0089735A /* Assets.xcassets in Resources */ = {isa = PBXBuildFile; fileRef = 8C81826F2840D33B0089735A /* Assets.xcassets */; };
		8C8182862840D33B0089735A /* Assets.xcassets in Resources */ = {isa = PBXBuildFile; fileRef = 8C81826F2840D33B0089735A /* Assets.xcassets */; };
/* End PBXBuildFile section */

/* Begin PBXFileReference section */
		8C6D79EC2841BE53003EEF78 /* LabelView.swift */ = {isa = PBXFileReference; lastKnownFileType = sourcecode.swift; path = LabelView.swift; sourceTree = "<group>"; };
		8C6D79EF2841FA44003EEF78 /* TextFieldView.swift */ = {isa = PBXFileReference; lastKnownFileType = sourcecode.swift; path = TextFieldView.swift; sourceTree = "<group>"; };
		8C6D79F2284208EA003EEF78 /* TextEditorView.swift */ = {isa = PBXFileReference; lastKnownFileType = sourcecode.swift; path = TextEditorView.swift; sourceTree = "<group>"; };
		8C6D79F528420CAE003EEF78 /* ButtonView.swift */ = {isa = PBXFileReference; lastKnownFileType = sourcecode.swift; path = ButtonView.swift; sourceTree = "<group>"; };
		8C75024B2840E46300ECEB99 /* ContentView.swift */ = {isa = PBXFileReference; lastKnownFileType = sourcecode.swift; path = ContentView.swift; sourceTree = "<group>"; };
		8C75024F2840FE5C00ECEB99 /* TextView.swift */ = {isa = PBXFileReference; lastKnownFileType = sourcecode.swift; path = TextView.swift; sourceTree = "<group>"; };
		8C81826B2840D33B0089735A /* Shared.xcdatamodel */ = {isa = PBXFileReference; lastKnownFileType = wrapper.xcdatamodel; path = Shared.xcdatamodel; sourceTree = "<group>"; };
		8C81826C2840D33B0089735A /* SwiftUI_HeroApp.swift */ = {isa = PBXFileReference; lastKnownFileType = sourcecode.swift; path = SwiftUI_HeroApp.swift; sourceTree = "<group>"; };
		8C81826D2840D33B0089735A /* CloudContentView.swift */ = {isa = PBXFileReference; lastKnownFileType = sourcecode.swift; path = CloudContentView.swift; sourceTree = "<group>"; };
		8C81826E2840D33B0089735A /* Persistence.swift */ = {isa = PBXFileReference; lastKnownFileType = sourcecode.swift; path = Persistence.swift; sourceTree = "<group>"; };
		8C81826F2840D33B0089735A /* Assets.xcassets */ = {isa = PBXFileReference; lastKnownFileType = folder.assetcatalog; path = Assets.xcassets; sourceTree = "<group>"; };
		8C8182742840D33B0089735A /* SwiftUI-Hero.app */ = {isa = PBXFileReference; explicitFileType = wrapper.application; includeInIndex = 0; path = "SwiftUI-Hero.app"; sourceTree = BUILT_PRODUCTS_DIR; };
		8C81827A2840D33B0089735A /* SwiftUI-Hero.app */ = {isa = PBXFileReference; explicitFileType = wrapper.application; includeInIndex = 0; path = "SwiftUI-Hero.app"; sourceTree = BUILT_PRODUCTS_DIR; };
		8C81827C2840D33B0089735A /* macOS.entitlements */ = {isa = PBXFileReference; lastKnownFileType = text.plist.entitlements; path = macOS.entitlements; sourceTree = "<group>"; };
/* End PBXFileReference section */

/* Begin PBXFrameworksBuildPhase section */
		8C8182712840D33B0089735A /* Frameworks */ = {
			isa = PBXFrameworksBuildPhase;
			buildActionMask = 2147483647;
			files = (
			);
			runOnlyForDeploymentPostprocessing = 0;
		};
		8C8182772840D33B0089735A /* Frameworks */ = {
			isa = PBXFrameworksBuildPhase;
			buildActionMask = 2147483647;
			files = (
			);
			runOnlyForDeploymentPostprocessing = 0;
		};
/* End PBXFrameworksBuildPhase section */

/* Begin PBXGroup section */
		8C75024E2840FE5200ECEB99 /* Basic */ = {
			isa = PBXGroup;
			children = (
				8C75024F2840FE5C00ECEB99 /* TextView.swift */,
				8C6D79EC2841BE53003EEF78 /* LabelView.swift */,
				8C6D79EF2841FA44003EEF78 /* TextFieldView.swift */,
				8C6D79F2284208EA003EEF78 /* TextEditorView.swift */,
				8C6D79F528420CAE003EEF78 /* ButtonView.swift */,
			);
			path = Basic;
			sourceTree = "<group>";
		};
		8C8182642840D33A0089735A = {
			isa = PBXGroup;
			children = (
				8C8182692840D33B0089735A /* Shared */,
				8C81827B2840D33B0089735A /* macOS */,
				8C8182752840D33B0089735A /* Products */,
			);
			sourceTree = "<group>";
		};
		8C8182692840D33B0089735A /* Shared */ = {
			isa = PBXGroup;
			children = (
				8C75024E2840FE5200ECEB99 /* Basic */,
				8C81826C2840D33B0089735A /* SwiftUI_HeroApp.swift */,
				8C81826D2840D33B0089735A /* CloudContentView.swift */,
				8C81826E2840D33B0089735A /* Persistence.swift */,
				8C81826F2840D33B0089735A /* Assets.xcassets */,
				8C81826A2840D33B0089735A /* SwiftUI_Hero.xcdatamodeld */,
				8C75024B2840E46300ECEB99 /* ContentView.swift */,
			);
			path = Shared;
			sourceTree = "<group>";
		};
		8C8182752840D33B0089735A /* Products */ = {
			isa = PBXGroup;
			children = (
				8C8182742840D33B0089735A /* SwiftUI-Hero.app */,
				8C81827A2840D33B0089735A /* SwiftUI-Hero.app */,
			);
			name = Products;
			sourceTree = "<group>";
		};
		8C81827B2840D33B0089735A /* macOS */ = {
			isa = PBXGroup;
			children = (
				8C81827C2840D33B0089735A /* macOS.entitlements */,
			);
			path = macOS;
			sourceTree = "<group>";
		};
/* End PBXGroup section */

/* Begin PBXNativeTarget section */
		8C8182732840D33B0089735A /* SwiftUI-Hero (iOS) */ = {
			isa = PBXNativeTarget;
			buildConfigurationList = 8C8182892840D33B0089735A /* Build configuration list for PBXNativeTarget "SwiftUI-Hero (iOS)" */;
			buildPhases = (
				8C8182702840D33B0089735A /* Sources */,
				8C8182712840D33B0089735A /* Frameworks */,
				8C8182722840D33B0089735A /* Resources */,
			);
			buildRules = (
			);
			dependencies = (
			);
			name = "SwiftUI-Hero (iOS)";
			productName = "SwiftUI-Hero (iOS)";
			productReference = 8C8182742840D33B0089735A /* SwiftUI-Hero.app */;
			productType = "com.apple.product-type.application";
		};
		8C8182792840D33B0089735A /* SwiftUI-Hero (macOS) */ = {
			isa = PBXNativeTarget;
			buildConfigurationList = 8C81828C2840D33B0089735A /* Build configuration list for PBXNativeTarget "SwiftUI-Hero (macOS)" */;
			buildPhases = (
				8C8182762840D33B0089735A /* Sources */,
				8C8182772840D33B0089735A /* Frameworks */,
				8C8182782840D33B0089735A /* Resources */,
			);
			buildRules = (
			);
			dependencies = (
			);
			name = "SwiftUI-Hero (macOS)";
			productName = "SwiftUI-Hero (macOS)";
			productReference = 8C81827A2840D33B0089735A /* SwiftUI-Hero.app */;
			productType = "com.apple.product-type.application";
		};
/* End PBXNativeTarget section */

/* Begin PBXProject section */
		8C8182652840D33A0089735A /* Project object */ = {
			isa = PBXProject;
			attributes = {
				BuildIndependentTargetsInParallel = 1;
				LastSwiftUpdateCheck = 1330;
				LastUpgradeCheck = 1330;
				TargetAttributes = {
					8C8182732840D33B0089735A = {
						CreatedOnToolsVersion = 13.3;
					};
					8C8182792840D33B0089735A = {
						CreatedOnToolsVersion = 13.3;
					};
				};
			};
			buildConfigurationList = 8C8182682840D33A0089735A /* Build configuration list for PBXProject "SwiftUI-Hero" */;
			compatibilityVersion = "Xcode 13.0";
			developmentRegion = en;
			hasScannedForEncodings = 0;
			knownRegions = (
				en,
				Base,
			);
			mainGroup = 8C8182642840D33A0089735A;
			productRefGroup = 8C8182752840D33B0089735A /* Products */;
			projectDirPath = "";
			projectRoot = "";
			targets = (
				8C8182732840D33B0089735A /* SwiftUI-Hero (iOS) */,
				8C8182792840D33B0089735A /* SwiftUI-Hero (macOS) */,
			);
		};
/* End PBXProject section */

/* Begin PBXResourcesBuildPhase section */
		8C8182722840D33B0089735A /* Resources */ = {
			isa = PBXResourcesBuildPhase;
			buildActionMask = 2147483647;
			files = (
				8C8182852840D33B0089735A /* Assets.xcassets in Resources */,
			);
			runOnlyForDeploymentPostprocessing = 0;
		};
		8C8182782840D33B0089735A /* Resources */ = {
			isa = PBXResourcesBuildPhase;
			buildActionMask = 2147483647;
			files = (
				8C8182862840D33B0089735A /* Assets.xcassets in Resources */,
			);
			runOnlyForDeploymentPostprocessing = 0;
		};
/* End PBXResourcesBuildPhase section */

/* Begin PBXSourcesBuildPhase section */
		8C8182702840D33B0089735A /* Sources */ = {
			isa = PBXSourcesBuildPhase;
			buildActionMask = 2147483647;
			files = (
				8C81827D2840D33B0089735A /* SwiftUI_Hero.xcdatamodeld in Sources */,
				8C75024C2840E46300ECEB99 /* ContentView.swift in Sources */,
				8C6D79F628420CAE003EEF78 /* ButtonView.swift in Sources */,
				8C6D79F02841FA44003EEF78 /* TextFieldView.swift in Sources */,
				8C6D79ED2841BE53003EEF78 /* LabelView.swift in Sources */,
				8C8182832840D33B0089735A /* Persistence.swift in Sources */,
				8C7502502840FE5C00ECEB99 /* TextView.swift in Sources */,
				8C6D79F3284208EA003EEF78 /* TextEditorView.swift in Sources */,
				8C81827F2840D33B0089735A /* SwiftUI_HeroApp.swift in Sources */,
				8C8182812840D33B0089735A /* CloudContentView.swift in Sources */,
			);
			runOnlyForDeploymentPostprocessing = 0;
		};
		8C8182762840D33B0089735A /* Sources */ = {
			isa = PBXSourcesBuildPhase;
			buildActionMask = 2147483647;
			files = (
				8C81827E2840D33B0089735A /* SwiftUI_Hero.xcdatamodeld in Sources */,
				8C75024D2840E46300ECEB99 /* ContentView.swift in Sources */,
				8C6D79F728420CAE003EEF78 /* ButtonView.swift in Sources */,
				8C6D79F12841FA44003EEF78 /* TextFieldView.swift in Sources */,
				8C6D79EE2841BE53003EEF78 /* LabelView.swift in Sources */,
				8C8182842840D33B0089735A /* Persistence.swift in Sources */,
				8C7502512840FE5C00ECEB99 /* TextView.swift in Sources */,
				8C6D79F4284208EA003EEF78 /* TextEditorView.swift in Sources */,
				8C8182802840D33B0089735A /* SwiftUI_HeroApp.swift in Sources */,
				8C8182822840D33B0089735A /* CloudContentView.swift in Sources */,
			);
			runOnlyForDeploymentPostprocessing = 0;
		};
/* End PBXSourcesBuildPhase section */

/* Begin XCBuildConfiguration section */
		8C8182872840D33B0089735A /* Debug */ = {
			isa = XCBuildConfiguration;
			buildSettings = {
				ALWAYS_SEARCH_USER_PATHS = NO;
				CLANG_ANALYZER_NONNULL = YES;
				CLANG_ANALYZER_NUMBER_OBJECT_CONVERSION = YES_AGGRESSIVE;
				CLANG_CXX_LANGUAGE_STANDARD = "gnu++17";
				CLANG_ENABLE_MODULES = YES;
				CLANG_ENABLE_OBJC_ARC = YES;
				CLANG_ENABLE_OBJC_WEAK = YES;
				CLANG_WARN_BLOCK_CAPTURE_AUTORELEASING = YES;
				CLANG_WARN_BOOL_CONVERSION = YES;
				CLANG_WARN_COMMA = YES;
				CLANG_WARN_CONSTANT_CONVERSION = YES;
				CLANG_WARN_DEPRECATED_OBJC_IMPLEMENTATIONS = YES;
				CLANG_WARN_DIRECT_OBJC_ISA_USAGE = YES_ERROR;
				CLANG_WARN_DOCUMENTATION_COMMENTS = YES;
				CLANG_WARN_EMPTY_BODY = YES;
				CLANG_WARN_ENUM_CONVERSION = YES;
				CLANG_WARN_INFINITE_RECURSION = YES;
				CLANG_WARN_INT_CONVERSION = YES;
				CLANG_WARN_NON_LITERAL_NULL_CONVERSION = YES;
				CLANG_WARN_OBJC_IMPLICIT_RETAIN_SELF = YES;
				CLANG_WARN_OBJC_LITERAL_CONVERSION = YES;
				CLANG_WARN_OBJC_ROOT_CLASS = YES_ERROR;
				CLANG_WARN_QUOTED_INCLUDE_IN_FRAMEWORK_HEADER = YES;
				CLANG_WARN_RANGE_LOOP_ANALYSIS = YES;
				CLANG_WARN_STRICT_PROTOTYPES = YES;
				CLANG_WARN_SUSPICIOUS_MOVE = YES;
				CLANG_WARN_UNGUARDED_AVAILABILITY = YES_AGGRESSIVE;
				CLANG_WARN_UNREACHABLE_CODE = YES;
				CLANG_WARN__DUPLICATE_METHOD_MATCH = YES;
				COPY_PHASE_STRIP = NO;
				DEBUG_INFORMATION_FORMAT = dwarf;
				ENABLE_STRICT_OBJC_MSGSEND = YES;
				ENABLE_TESTABILITY = YES;
				GCC_C_LANGUAGE_STANDARD = gnu11;
				GCC_DYNAMIC_NO_PIC = NO;
				GCC_NO_COMMON_BLOCKS = YES;
				GCC_OPTIMIZATION_LEVEL = 0;
				GCC_PREPROCESSOR_DEFINITIONS = (
					"DEBUG=1",
					"$(inherited)",
				);
				GCC_WARN_64_TO_32_BIT_CONVERSION = YES;
				GCC_WARN_ABOUT_RETURN_TYPE = YES_ERROR;
				GCC_WARN_UNDECLARED_SELECTOR = YES;
				GCC_WARN_UNINITIALIZED_AUTOS = YES_AGGRESSIVE;
				GCC_WARN_UNUSED_FUNCTION = YES;
				GCC_WARN_UNUSED_VARIABLE = YES;
				MTL_ENABLE_DEBUG_INFO = INCLUDE_SOURCE;
				MTL_FAST_MATH = YES;
				ONLY_ACTIVE_ARCH = YES;
				SWIFT_ACTIVE_COMPILATION_CONDITIONS = DEBUG;
				SWIFT_OPTIMIZATION_LEVEL = "-Onone";
			};
			name = Debug;
		};
		8C8182882840D33B0089735A /* Release */ = {
			isa = XCBuildConfiguration;
			buildSettings = {
				ALWAYS_SEARCH_USER_PATHS = NO;
				CLANG_ANALYZER_NONNULL = YES;
				CLANG_ANALYZER_NUMBER_OBJECT_CONVERSION = YES_AGGRESSIVE;
				CLANG_CXX_LANGUAGE_STANDARD = "gnu++17";
				CLANG_ENABLE_MODULES = YES;
				CLANG_ENABLE_OBJC_ARC = YES;
				CLANG_ENABLE_OBJC_WEAK = YES;
				CLANG_WARN_BLOCK_CAPTURE_AUTORELEASING = YES;
				CLANG_WARN_BOOL_CONVERSION = YES;
				CLANG_WARN_COMMA = YES;
				CLANG_WARN_CONSTANT_CONVERSION = YES;
				CLANG_WARN_DEPRECATED_OBJC_IMPLEMENTATIONS = YES;
				CLANG_WARN_DIRECT_OBJC_ISA_USAGE = YES_ERROR;
				CLANG_WARN_DOCUMENTATION_COMMENTS = YES;
				CLANG_WARN_EMPTY_BODY = YES;
				CLANG_WARN_ENUM_CONVERSION = YES;
				CLANG_WARN_INFINITE_RECURSION = YES;
				CLANG_WARN_INT_CONVERSION = YES;
				CLANG_WARN_NON_LITERAL_NULL_CONVERSION = YES;
				CLANG_WARN_OBJC_IMPLICIT_RETAIN_SELF = YES;
				CLANG_WARN_OBJC_LITERAL_CONVERSION = YES;
				CLANG_WARN_OBJC_ROOT_CLASS = YES_ERROR;
				CLANG_WARN_QUOTED_INCLUDE_IN_FRAMEWORK_HEADER = YES;
				CLANG_WARN_RANGE_LOOP_ANALYSIS = YES;
				CLANG_WARN_STRICT_PROTOTYPES = YES;
				CLANG_WARN_SUSPICIOUS_MOVE = YES;
				CLANG_WARN_UNGUARDED_AVAILABILITY = YES_AGGRESSIVE;
				CLANG_WARN_UNREACHABLE_CODE = YES;
				CLANG_WARN__DUPLICATE_METHOD_MATCH = YES;
				COPY_PHASE_STRIP = NO;
				DEBUG_INFORMATION_FORMAT = "dwarf-with-dsym";
				ENABLE_NS_ASSERTIONS = NO;
				ENABLE_STRICT_OBJC_MSGSEND = YES;
				GCC_C_LANGUAGE_STANDARD = gnu11;
				GCC_NO_COMMON_BLOCKS = YES;
				GCC_WARN_64_TO_32_BIT_CONVERSION = YES;
				GCC_WARN_ABOUT_RETURN_TYPE = YES_ERROR;
				GCC_WARN_UNDECLARED_SELECTOR = YES;
				GCC_WARN_UNINITIALIZED_AUTOS = YES_AGGRESSIVE;
				GCC_WARN_UNUSED_FUNCTION = YES;
				GCC_WARN_UNUSED_VARIABLE = YES;
				MTL_ENABLE_DEBUG_INFO = NO;
				MTL_FAST_MATH = YES;
				SWIFT_COMPILATION_MODE = wholemodule;
				SWIFT_OPTIMIZATION_LEVEL = "-O";
			};
			name = Release;
		};
		8C81828A2840D33B0089735A /* Debug */ = {
			isa = XCBuildConfiguration;
			buildSettings = {
				ASSETCATALOG_COMPILER_APPICON_NAME = AppIcon;
				ASSETCATALOG_COMPILER_GLOBAL_ACCENT_COLOR_NAME = AccentColor;
				CODE_SIGN_STYLE = Automatic;
				CURRENT_PROJECT_VERSION = 1;
				DEVELOPMENT_TEAM = 8774ZX9976;
				ENABLE_PREVIEWS = YES;
				GENERATE_INFOPLIST_FILE = YES;
				INFOPLIST_KEY_UIApplicationSceneManifest_Generation = YES;
				INFOPLIST_KEY_UIApplicationSupportsIndirectInputEvents = YES;
				INFOPLIST_KEY_UILaunchScreen_Generation = YES;
				INFOPLIST_KEY_UISupportedInterfaceOrientations_iPad = "UIInterfaceOrientationPortrait UIInterfaceOrientationPortraitUpsideDown UIInterfaceOrientationLandscapeLeft UIInterfaceOrientationLandscapeRight";
				INFOPLIST_KEY_UISupportedInterfaceOrientations_iPhone = "UIInterfaceOrientationPortrait UIInterfaceOrientationLandscapeLeft UIInterfaceOrientationLandscapeRight";
				IPHONEOS_DEPLOYMENT_TARGET = 15.4;
				LD_RUNPATH_SEARCH_PATHS = (
					"$(inherited)",
					"@executable_path/Frameworks",
				);
				MARKETING_VERSION = 1.0;
				PRODUCT_BUNDLE_IDENTIFIER = "kidstyo.SwiftUI-Hero";
				PRODUCT_NAME = "SwiftUI-Hero";
				SDKROOT = iphoneos;
				SWIFT_EMIT_LOC_STRINGS = YES;
				SWIFT_VERSION = 5.0;
				TARGETED_DEVICE_FAMILY = "1,2";
			};
			name = Debug;
		};
		8C81828B2840D33B0089735A /* Release */ = {
			isa = XCBuildConfiguration;
			buildSettings = {
				ASSETCATALOG_COMPILER_APPICON_NAME = AppIcon;
				ASSETCATALOG_COMPILER_GLOBAL_ACCENT_COLOR_NAME = AccentColor;
				CODE_SIGN_STYLE = Automatic;
				CURRENT_PROJECT_VERSION = 1;
				DEVELOPMENT_TEAM = 8774ZX9976;
				ENABLE_PREVIEWS = YES;
				GENERATE_INFOPLIST_FILE = YES;
				INFOPLIST_KEY_UIApplicationSceneManifest_Generation = YES;
				INFOPLIST_KEY_UIApplicationSupportsIndirectInputEvents = YES;
				INFOPLIST_KEY_UILaunchScreen_Generation = YES;
				INFOPLIST_KEY_UISupportedInterfaceOrientations_iPad = "UIInterfaceOrientationPortrait UIInterfaceOrientationPortraitUpsideDown UIInterfaceOrientationLandscapeLeft UIInterfaceOrientationLandscapeRight";
				INFOPLIST_KEY_UISupportedInterfaceOrientations_iPhone = "UIInterfaceOrientationPortrait UIInterfaceOrientationLandscapeLeft UIInterfaceOrientationLandscapeRight";
				IPHONEOS_DEPLOYMENT_TARGET = 15.4;
				LD_RUNPATH_SEARCH_PATHS = (
					"$(inherited)",
					"@executable_path/Frameworks",
				);
				MARKETING_VERSION = 1.0;
				PRODUCT_BUNDLE_IDENTIFIER = "kidstyo.SwiftUI-Hero";
				PRODUCT_NAME = "SwiftUI-Hero";
				SDKROOT = iphoneos;
				SWIFT_EMIT_LOC_STRINGS = YES;
				SWIFT_VERSION = 5.0;
				TARGETED_DEVICE_FAMILY = "1,2";
				VALIDATE_PRODUCT = YES;
			};
			name = Release;
		};
		8C81828D2840D33B0089735A /* Debug */ = {
			isa = XCBuildConfiguration;
			buildSettings = {
				ASSETCATALOG_COMPILER_APPICON_NAME = AppIcon;
				ASSETCATALOG_COMPILER_GLOBAL_ACCENT_COLOR_NAME = AccentColor;
				CODE_SIGN_ENTITLEMENTS = macOS/macOS.entitlements;
				CODE_SIGN_STYLE = Automatic;
				COMBINE_HIDPI_IMAGES = YES;
				CURRENT_PROJECT_VERSION = 1;
				DEVELOPMENT_TEAM = 8774ZX9976;
				ENABLE_HARDENED_RUNTIME = YES;
				ENABLE_PREVIEWS = YES;
				GENERATE_INFOPLIST_FILE = YES;
				INFOPLIST_KEY_NSHumanReadableCopyright = "";
				LD_RUNPATH_SEARCH_PATHS = (
					"$(inherited)",
					"@executable_path/../Frameworks",
				);
				MACOSX_DEPLOYMENT_TARGET = 12.3;
				MARKETING_VERSION = 1.0;
				PRODUCT_BUNDLE_IDENTIFIER = "kidstyo.SwiftUI-Hero";
				PRODUCT_NAME = "SwiftUI-Hero";
				SDKROOT = macosx;
				SWIFT_EMIT_LOC_STRINGS = YES;
				SWIFT_VERSION = 5.0;
			};
			name = Debug;
		};
		8C81828E2840D33B0089735A /* Release */ = {
			isa = XCBuildConfiguration;
			buildSettings = {
				ASSETCATALOG_COMPILER_APPICON_NAME = AppIcon;
				ASSETCATALOG_COMPILER_GLOBAL_ACCENT_COLOR_NAME = AccentColor;
				CODE_SIGN_ENTITLEMENTS = macOS/macOS.entitlements;
				CODE_SIGN_STYLE = Automatic;
				COMBINE_HIDPI_IMAGES = YES;
				CURRENT_PROJECT_VERSION = 1;
				DEVELOPMENT_TEAM = 8774ZX9976;
				ENABLE_HARDENED_RUNTIME = YES;
				ENABLE_PREVIEWS = YES;
				GENERATE_INFOPLIST_FILE = YES;
				INFOPLIST_KEY_NSHumanReadableCopyright = "";
				LD_RUNPATH_SEARCH_PATHS = (
					"$(inherited)",
					"@executable_path/../Frameworks",
				);
				MACOSX_DEPLOYMENT_TARGET = 12.3;
				MARKETING_VERSION = 1.0;
				PRODUCT_BUNDLE_IDENTIFIER = "kidstyo.SwiftUI-Hero";
				PRODUCT_NAME = "SwiftUI-Hero";
				SDKROOT = macosx;
				SWIFT_EMIT_LOC_STRINGS = YES;
				SWIFT_VERSION = 5.0;
			};
			name = Release;
		};
/* End XCBuildConfiguration section */

/* Begin XCConfigurationList section */
		8C8182682840D33A0089735A /* Build configuration list for PBXProject "SwiftUI-Hero" */ = {
			isa = XCConfigurationList;
			buildConfigurations = (
				8C8182872840D33B0089735A /* Debug */,
				8C8182882840D33B0089735A /* Release */,
			);
			defaultConfigurationIsVisible = 0;
			defaultConfigurationName = Release;
		};
		8C8182892840D33B0089735A /* Build configuration list for PBXNativeTarget "SwiftUI-Hero (iOS)" */ = {
			isa = XCConfigurationList;
			buildConfigurations = (
				8C81828A2840D33B0089735A /* Debug */,
				8C81828B2840D33B0089735A /* Release */,
			);
			defaultConfigurationIsVisible = 0;
			defaultConfigurationName = Release;
		};
		8C81828C2840D33B0089735A /* Build configuration list for PBXNativeTarget "SwiftUI-Hero (macOS)" */ = {
			isa = XCConfigurationList;
			buildConfigurations = (
				8C81828D2840D33B0089735A /* Debug */,
				8C81828E2840D33B0089735A /* Release */,
			);
			defaultConfigurationIsVisible = 0;
			defaultConfigurationName = Release;
		};
/* End XCConfigurationList section */

/* Begin XCVersionGroup section */
		8C81826A2840D33B0089735A /* SwiftUI_Hero.xcdatamodeld */ = {
			isa = XCVersionGroup;
			children = (
				8C81826B2840D33B0089735A /* Shared.xcdatamodel */,
			);
			currentVersion = 8C81826B2840D33B0089735A /* Shared.xcdatamodel */;
			path = SwiftUI_Hero.xcdatamodeld;
			sourceTree = "<group>";
			versionGroupType = wrapper.xcdatamodel;
		};
/* End XCVersionGroup section */
	};
	rootObject = 8C8182652840D33A0089735A /* Project object */;
}
