// !$*UTF8*$!
{
	archiveVersion = 1;
	classes = {
	};
	objectVersion = 55;
	objects = {

/* Begin PBXBuildFile section */
		8C357AFB28450BB800918DB9 /* Intents.framework in Frameworks */ = {isa = PBXBuildFile; fileRef = 8C357AFA28450BB800918DB9 /* Intents.framework */; };
		8C357AFE28450BB800918DB9 /* IntentHandler.swift in Sources */ = {isa = PBXBuildFile; fileRef = 8C357AFD28450BB800918DB9 /* IntentHandler.swift */; };
		8C357B0228450BB800918DB9 /* Shortcuts.appex in Embed App Extensions */ = {isa = PBXBuildFile; fileRef = 8C357AF928450BB800918DB9 /* Shortcuts.appex */; settings = {ATTRIBUTES = (RemoveHeadersOnCopy, ); }; };
		8C357B0828450BE900918DB9 /* Intents.intentdefinition in Sources */ = {isa = PBXBuildFile; fileRef = 8C357B0728450BE900918DB9 /* Intents.intentdefinition */; };
		8C357B0928450C2900918DB9 /* Intents.intentdefinition in Sources */ = {isa = PBXBuildFile; fileRef = 8C357B0728450BE900918DB9 /* Intents.intentdefinition */; };
		8C357B0A28450C2A00918DB9 /* Intents.intentdefinition in Sources */ = {isa = PBXBuildFile; fileRef = 8C357B0728450BE900918DB9 /* Intents.intentdefinition */; };
		8C357B0D28450D8C00918DB9 /* makeUppercaseHandler.swift in Sources */ = {isa = PBXBuildFile; fileRef = 8C357B0C28450D8C00918DB9 /* makeUppercaseHandler.swift */; };
		8C369E902844A918000F50BE /* ShortcutView.swift in Sources */ = {isa = PBXBuildFile; fileRef = 8C369E8F2844A918000F50BE /* ShortcutView.swift */; };
		8C369E912844A918000F50BE /* ShortcutView.swift in Sources */ = {isa = PBXBuildFile; fileRef = 8C369E8F2844A918000F50BE /* ShortcutView.swift */; };
		8C6D79ED2841BE53003EEF78 /* LabelView.swift in Sources */ = {isa = PBXBuildFile; fileRef = 8C6D79EC2841BE53003EEF78 /* LabelView.swift */; };
		8C6D79EE2841BE53003EEF78 /* LabelView.swift in Sources */ = {isa = PBXBuildFile; fileRef = 8C6D79EC2841BE53003EEF78 /* LabelView.swift */; };
		8C6D79F02841FA44003EEF78 /* TextFieldView.swift in Sources */ = {isa = PBXBuildFile; fileRef = 8C6D79EF2841FA44003EEF78 /* TextFieldView.swift */; };
		8C6D79F12841FA44003EEF78 /* TextFieldView.swift in Sources */ = {isa = PBXBuildFile; fileRef = 8C6D79EF2841FA44003EEF78 /* TextFieldView.swift */; };
		8C6D79F3284208EA003EEF78 /* TextEditorView.swift in Sources */ = {isa = PBXBuildFile; fileRef = 8C6D79F2284208EA003EEF78 /* TextEditorView.swift */; };
		8C6D79F4284208EA003EEF78 /* TextEditorView.swift in Sources */ = {isa = PBXBuildFile; fileRef = 8C6D79F2284208EA003EEF78 /* TextEditorView.swift */; };
		8C6D79F628420CAE003EEF78 /* ButtonView.swift in Sources */ = {isa = PBXBuildFile; fileRef = 8C6D79F528420CAE003EEF78 /* ButtonView.swift */; };
		8C6D79F728420CAE003EEF78 /* ButtonView.swift in Sources */ = {isa = PBXBuildFile; fileRef = 8C6D79F528420CAE003EEF78 /* ButtonView.swift */; };
		8C75024C2840E46300ECEB99 /* ContentView.swift in Sources */ = {isa = PBXBuildFile; fileRef = 8C75024B2840E46300ECEB99 /* ContentView.swift */; };
		8C75024D2840E46300ECEB99 /* ContentView.swift in Sources */ = {isa = PBXBuildFile; fileRef = 8C75024B2840E46300ECEB99 /* ContentView.swift */; };
		8C7502502840FE5C00ECEB99 /* TextView.swift in Sources */ = {isa = PBXBuildFile; fileRef = 8C75024F2840FE5C00ECEB99 /* TextView.swift */; };
		8C7502512840FE5C00ECEB99 /* TextView.swift in Sources */ = {isa = PBXBuildFile; fileRef = 8C75024F2840FE5C00ECEB99 /* TextView.swift */; };
		8C81827D2840D33B0089735A /* SwiftUI_Hero.xcdatamodeld in Sources */ = {isa = PBXBuildFile; fileRef = 8C81826A2840D33B0089735A /* SwiftUI_Hero.xcdatamodeld */; };
		8C81827E2840D33B0089735A /* SwiftUI_Hero.xcdatamodeld in Sources */ = {isa = PBXBuildFile; fileRef = 8C81826A2840D33B0089735A /* SwiftUI_Hero.xcdatamodeld */; };
		8C81827F2840D33B0089735A /* SwiftUI_HeroApp.swift in Sources */ = {isa = PBXBuildFile; fileRef = 8C81826C2840D33B0089735A /* SwiftUI_HeroApp.swift */; };
		8C8182802840D33B0089735A /* SwiftUI_HeroApp.swift in Sources */ = {isa = PBXBuildFile; fileRef = 8C81826C2840D33B0089735A /* SwiftUI_HeroApp.swift */; };
		8C8182812840D33B0089735A /* CloudView.swift in Sources */ = {isa = PBXBuildFile; fileRef = 8C81826D2840D33B0089735A /* CloudView.swift */; };
		8C8182822840D33B0089735A /* CloudView.swift in Sources */ = {isa = PBXBuildFile; fileRef = 8C81826D2840D33B0089735A /* CloudView.swift */; };
		8C8182832840D33B0089735A /* Persistence.swift in Sources */ = {isa = PBXBuildFile; fileRef = 8C81826E2840D33B0089735A /* Persistence.swift */; };
		8C8182842840D33B0089735A /* Persistence.swift in Sources */ = {isa = PBXBuildFile; fileRef = 8C81826E2840D33B0089735A /* Persistence.swift */; };
		8C8182852840D33B0089735A /* Assets.xcassets in Resources */ = {isa = PBXBuildFile; fileRef = 8C81826F2840D33B0089735A /* Assets.xcassets */; };
		8C8182862840D33B0089735A /* Assets.xcassets in Resources */ = {isa = PBXBuildFile; fileRef = 8C81826F2840D33B0089735A /* Assets.xcassets */; };
		8CD9E29828423F92006DB416 /* ImageView.swift in Sources */ = {isa = PBXBuildFile; fileRef = 8CD9E29728423F92006DB416 /* ImageView.swift */; };
		8CD9E29928423F92006DB416 /* ImageView.swift in Sources */ = {isa = PBXBuildFile; fileRef = 8CD9E29728423F92006DB416 /* ImageView.swift */; };
		8CD9E29B28424DA3006DB416 /* MaskView.swift in Sources */ = {isa = PBXBuildFile; fileRef = 8CD9E29A28424DA3006DB416 /* MaskView.swift */; };
		8CD9E29C28424DA3006DB416 /* MaskView.swift in Sources */ = {isa = PBXBuildFile; fileRef = 8CD9E29A28424DA3006DB416 /* MaskView.swift */; };
		8CD9E29E28424EBB006DB416 /* ScaleRotationView.swift in Sources */ = {isa = PBXBuildFile; fileRef = 8CD9E29D28424EBB006DB416 /* ScaleRotationView.swift */; };
		8CD9E29F28424EBB006DB416 /* ScaleRotationView.swift in Sources */ = {isa = PBXBuildFile; fileRef = 8CD9E29D28424EBB006DB416 /* ScaleRotationView.swift */; };
		8CD9E2A12842511D006DB416 /* ImageDownloadView.swift in Sources */ = {isa = PBXBuildFile; fileRef = 8CD9E2A02842511D006DB416 /* ImageDownloadView.swift */; };
		8CD9E2A22842511D006DB416 /* ImageDownloadView.swift in Sources */ = {isa = PBXBuildFile; fileRef = 8CD9E2A02842511D006DB416 /* ImageDownloadView.swift */; };
		8CD9E2A728426114006DB416 /* CloudKit.framework in Frameworks */ = {isa = PBXBuildFile; fileRef = 8CD9E2A628426114006DB416 /* CloudKit.framework */; };
		8CFF781D2848ED7600F1EACE /* People.swift in Sources */ = {isa = PBXBuildFile; fileRef = 8CFF781C2848ED7600F1EACE /* People.swift */; };
		8CFF781E2848ED7600F1EACE /* People.swift in Sources */ = {isa = PBXBuildFile; fileRef = 8CFF781C2848ED7600F1EACE /* People.swift */; };
		8CFF78232848EDDE00F1EACE /* PeopleViews.swift in Sources */ = {isa = PBXBuildFile; fileRef = 8CFF78222848EDDE00F1EACE /* PeopleViews.swift */; };
		8CFF78242848EDDE00F1EACE /* PeopleViews.swift in Sources */ = {isa = PBXBuildFile; fileRef = 8CFF78222848EDDE00F1EACE /* PeopleViews.swift */; };
		8CFF782A2848EEBC00F1EACE /* NewIntents.intentdefinition in Sources */ = {isa = PBXBuildFile; fileRef = 8CFF78292848EEBC00F1EACE /* NewIntents.intentdefinition */; };
		8CFF782B2848EEBC00F1EACE /* NewIntents.intentdefinition in Sources */ = {isa = PBXBuildFile; fileRef = 8CFF78292848EEBC00F1EACE /* NewIntents.intentdefinition */; };
		8CFF782E2848F0B800F1EACE /* GetPeopleIntentHandler.swift in Sources */ = {isa = PBXBuildFile; fileRef = 8CFF782D2848F0B800F1EACE /* GetPeopleIntentHandler.swift */; };
		8CFF78302848F11200F1EACE /* GetPeopleIntentHandler.swift in Sources */ = {isa = PBXBuildFile; fileRef = 8CFF782D2848F0B800F1EACE /* GetPeopleIntentHandler.swift */; };
		8CFF78322848FC5D00F1EACE /* ViewPersonIntentHandler.swift in Sources */ = {isa = PBXBuildFile; fileRef = 8CFF78312848FC5D00F1EACE /* ViewPersonIntentHandler.swift */; };
		8CFF78332848FC5D00F1EACE /* ViewPersonIntentHandler.swift in Sources */ = {isa = PBXBuildFile; fileRef = 8CFF78312848FC5D00F1EACE /* ViewPersonIntentHandler.swift */; };
/* End PBXBuildFile section */

/* Begin PBXContainerItemProxy section */
		8C357B0028450BB800918DB9 /* PBXContainerItemProxy */ = {
			isa = PBXContainerItemProxy;
			containerPortal = 8C8182652840D33A0089735A /* Project object */;
			proxyType = 1;
			remoteGlobalIDString = 8C357AF828450BB800918DB9;
			remoteInfo = Shortcuts;
		};
/* End PBXContainerItemProxy section */

/* Begin PBXCopyFilesBuildPhase section */
		8C357B0328450BB800918DB9 /* Embed App Extensions */ = {
			isa = PBXCopyFilesBuildPhase;
			buildActionMask = 2147483647;
			dstPath = "";
			dstSubfolderSpec = 13;
			files = (
				8C357B0228450BB800918DB9 /* Shortcuts.appex in Embed App Extensions */,
			);
			name = "Embed App Extensions";
			runOnlyForDeploymentPostprocessing = 0;
		};
/* End PBXCopyFilesBuildPhase section */

/* Begin PBXFileReference section */
		8C357AF928450BB800918DB9 /* Shortcuts.appex */ = {isa = PBXFileReference; explicitFileType = "wrapper.app-extension"; includeInIndex = 0; path = Shortcuts.appex; sourceTree = BUILT_PRODUCTS_DIR; };
		8C357AFA28450BB800918DB9 /* Intents.framework */ = {isa = PBXFileReference; lastKnownFileType = wrapper.framework; name = Intents.framework; path = System/Library/Frameworks/Intents.framework; sourceTree = SDKROOT; };
		8C357AFD28450BB800918DB9 /* IntentHandler.swift */ = {isa = PBXFileReference; lastKnownFileType = sourcecode.swift; path = IntentHandler.swift; sourceTree = "<group>"; };
		8C357AFF28450BB800918DB9 /* Info.plist */ = {isa = PBXFileReference; lastKnownFileType = text.plist.xml; path = Info.plist; sourceTree = "<group>"; };
		8C357B0728450BE900918DB9 /* Intents.intentdefinition */ = {isa = PBXFileReference; lastKnownFileType = file.intentdefinition; path = Intents.intentdefinition; sourceTree = "<group>"; };
		8C357B0B28450C3100918DB9 /* SwiftUI-Hero--macOS--Info.plist */ = {isa = PBXFileReference; lastKnownFileType = text.plist; path = "SwiftUI-Hero--macOS--Info.plist"; sourceTree = "<group>"; };
		8C357B0C28450D8C00918DB9 /* makeUppercaseHandler.swift */ = {isa = PBXFileReference; lastKnownFileType = sourcecode.swift; path = makeUppercaseHandler.swift; sourceTree = "<group>"; };
		8C369E8F2844A918000F50BE /* ShortcutView.swift */ = {isa = PBXFileReference; lastKnownFileType = sourcecode.swift; path = ShortcutView.swift; sourceTree = "<group>"; };
		8C6D79EC2841BE53003EEF78 /* LabelView.swift */ = {isa = PBXFileReference; lastKnownFileType = sourcecode.swift; path = LabelView.swift; sourceTree = "<group>"; };
		8C6D79EF2841FA44003EEF78 /* TextFieldView.swift */ = {isa = PBXFileReference; lastKnownFileType = sourcecode.swift; path = TextFieldView.swift; sourceTree = "<group>"; };
		8C6D79F2284208EA003EEF78 /* TextEditorView.swift */ = {isa = PBXFileReference; lastKnownFileType = sourcecode.swift; path = TextEditorView.swift; sourceTree = "<group>"; };
		8C6D79F528420CAE003EEF78 /* ButtonView.swift */ = {isa = PBXFileReference; lastKnownFileType = sourcecode.swift; path = ButtonView.swift; sourceTree = "<group>"; };
		8C75024B2840E46300ECEB99 /* ContentView.swift */ = {isa = PBXFileReference; lastKnownFileType = sourcecode.swift; path = ContentView.swift; sourceTree = "<group>"; };
		8C75024F2840FE5C00ECEB99 /* TextView.swift */ = {isa = PBXFileReference; lastKnownFileType = sourcecode.swift; path = TextView.swift; sourceTree = "<group>"; };
		8C81826B2840D33B0089735A /* Shared.xcdatamodel */ = {isa = PBXFileReference; lastKnownFileType = wrapper.xcdatamodel; path = Shared.xcdatamodel; sourceTree = "<group>"; };
		8C81826C2840D33B0089735A /* SwiftUI_HeroApp.swift */ = {isa = PBXFileReference; lastKnownFileType = sourcecode.swift; path = SwiftUI_HeroApp.swift; sourceTree = "<group>"; };
		8C81826D2840D33B0089735A /* CloudView.swift */ = {isa = PBXFileReference; lastKnownFileType = sourcecode.swift; path = CloudView.swift; sourceTree = "<group>"; };
		8C81826E2840D33B0089735A /* Persistence.swift */ = {isa = PBXFileReference; lastKnownFileType = sourcecode.swift; path = Persistence.swift; sourceTree = "<group>"; };
		8C81826F2840D33B0089735A /* Assets.xcassets */ = {isa = PBXFileReference; lastKnownFileType = folder.assetcatalog; path = Assets.xcassets; sourceTree = "<group>"; };
		8C8182742840D33B0089735A /* SwiftUI-Hero.app */ = {isa = PBXFileReference; explicitFileType = wrapper.application; includeInIndex = 0; path = "SwiftUI-Hero.app"; sourceTree = BUILT_PRODUCTS_DIR; };
		8C81827A2840D33B0089735A /* SwiftUI-Hero.app */ = {isa = PBXFileReference; explicitFileType = wrapper.application; includeInIndex = 0; path = "SwiftUI-Hero.app"; sourceTree = BUILT_PRODUCTS_DIR; };
		8C81827C2840D33B0089735A /* macOS.entitlements */ = {isa = PBXFileReference; lastKnownFileType = text.plist.entitlements; path = macOS.entitlements; sourceTree = "<group>"; };
		8CD9E29728423F92006DB416 /* ImageView.swift */ = {isa = PBXFileReference; lastKnownFileType = sourcecode.swift; path = ImageView.swift; sourceTree = "<group>"; };
		8CD9E29A28424DA3006DB416 /* MaskView.swift */ = {isa = PBXFileReference; lastKnownFileType = sourcecode.swift; path = MaskView.swift; sourceTree = "<group>"; };
		8CD9E29D28424EBB006DB416 /* ScaleRotationView.swift */ = {isa = PBXFileReference; lastKnownFileType = sourcecode.swift; path = ScaleRotationView.swift; sourceTree = "<group>"; };
		8CD9E2A02842511D006DB416 /* ImageDownloadView.swift */ = {isa = PBXFileReference; lastKnownFileType = sourcecode.swift; path = ImageDownloadView.swift; sourceTree = "<group>"; };
		8CD9E2A3284253E0006DB416 /* SwiftUI-Hero--iOS--Info.plist */ = {isa = PBXFileReference; lastKnownFileType = text.plist; path = "SwiftUI-Hero--iOS--Info.plist"; sourceTree = "<group>"; };
		8CD9E2A4284260CC006DB416 /* SwiftUI-Hero (iOS).entitlements */ = {isa = PBXFileReference; lastKnownFileType = text.plist.entitlements; path = "SwiftUI-Hero (iOS).entitlements"; sourceTree = "<group>"; };
		8CD9E2A628426114006DB416 /* CloudKit.framework */ = {isa = PBXFileReference; lastKnownFileType = wrapper.framework; name = CloudKit.framework; path = Platforms/iPhoneOS.platform/Developer/SDKs/iPhoneOS15.4.sdk/System/Library/Frameworks/CloudKit.framework; sourceTree = DEVELOPER_DIR; };
		8CFF781C2848ED7600F1EACE /* People.swift */ = {isa = PBXFileReference; lastKnownFileType = sourcecode.swift; path = People.swift; sourceTree = "<group>"; };
		8CFF78222848EDDE00F1EACE /* PeopleViews.swift */ = {isa = PBXFileReference; lastKnownFileType = sourcecode.swift; path = PeopleViews.swift; sourceTree = "<group>"; };
		8CFF78292848EEBC00F1EACE /* NewIntents.intentdefinition */ = {isa = PBXFileReference; lastKnownFileType = file.intentdefinition; path = NewIntents.intentdefinition; sourceTree = "<group>"; };
		8CFF782D2848F0B800F1EACE /* GetPeopleIntentHandler.swift */ = {isa = PBXFileReference; lastKnownFileType = sourcecode.swift; path = GetPeopleIntentHandler.swift; sourceTree = "<group>"; };
		8CFF78312848FC5D00F1EACE /* ViewPersonIntentHandler.swift */ = {isa = PBXFileReference; lastKnownFileType = sourcecode.swift; path = ViewPersonIntentHandler.swift; sourceTree = "<group>"; };
/* End PBXFileReference section */

/* Begin PBXFrameworksBuildPhase section */
		8C357AF628450BB800918DB9 /* Frameworks */ = {
			isa = PBXFrameworksBuildPhase;
			buildActionMask = 2147483647;
			files = (
				8C357AFB28450BB800918DB9 /* Intents.framework in Frameworks */,
			);
			runOnlyForDeploymentPostprocessing = 0;
		};
		8C8182712840D33B0089735A /* Frameworks */ = {
			isa = PBXFrameworksBuildPhase;
			buildActionMask = 2147483647;
			files = (
				8CD9E2A728426114006DB416 /* CloudKit.framework in Frameworks */,
			);
			runOnlyForDeploymentPostprocessing = 0;
		};
		8C8182772840D33B0089735A /* Frameworks */ = {
			isa = PBXFrameworksBuildPhase;
			buildActionMask = 2147483647;
			files = (
			);
			runOnlyForDeploymentPostprocessing = 0;
		};
/* End PBXFrameworksBuildPhase section */

/* Begin PBXGroup section */
		8C357AFC28450BB800918DB9 /* Shortcuts */ = {
			isa = PBXGroup;
			children = (
				8C357AFD28450BB800918DB9 /* IntentHandler.swift */,
				8C357AFF28450BB800918DB9 /* Info.plist */,
				8C357B0728450BE900918DB9 /* Intents.intentdefinition */,
				8C357B0C28450D8C00918DB9 /* makeUppercaseHandler.swift */,
			);
			path = Shortcuts;
			sourceTree = "<group>";
		};
		8C75024E2840FE5200ECEB99 /* Basic */ = {
			isa = PBXGroup;
			children = (
				8C75024F2840FE5C00ECEB99 /* TextView.swift */,
				8C6D79EC2841BE53003EEF78 /* LabelView.swift */,
				8C6D79EF2841FA44003EEF78 /* TextFieldView.swift */,
				8C6D79F2284208EA003EEF78 /* TextEditorView.swift */,
				8C6D79F528420CAE003EEF78 /* ButtonView.swift */,
				8CD9E29728423F92006DB416 /* ImageView.swift */,
				8CD9E29A28424DA3006DB416 /* MaskView.swift */,
				8CD9E29D28424EBB006DB416 /* ScaleRotationView.swift */,
				8CD9E2A02842511D006DB416 /* ImageDownloadView.swift */,
			);
			path = Basic;
			sourceTree = "<group>";
		};
		8C8182642840D33A0089735A = {
			isa = PBXGroup;
			children = (
				8C357B0B28450C3100918DB9 /* SwiftUI-Hero--macOS--Info.plist */,
				8CD9E2A4284260CC006DB416 /* SwiftUI-Hero (iOS).entitlements */,
				8CD9E2A3284253E0006DB416 /* SwiftUI-Hero--iOS--Info.plist */,
				8C8182692840D33B0089735A /* Shared */,
				8C81827B2840D33B0089735A /* macOS */,
				8C357AFC28450BB800918DB9 /* Shortcuts */,
				8C8182752840D33B0089735A /* Products */,
				8CD9E2A528426114006DB416 /* Frameworks */,
			);
			sourceTree = "<group>";
		};
		8C8182692840D33B0089735A /* Shared */ = {
			isa = PBXGroup;
			children = (
				8CFF78202848EDB400F1EACE /* SiriKit */,
				8CFF781B2848ED6500F1EACE /* Data */,
				8CD9E2A8284261B4006DB416 /* iCloud */,
				8C75024E2840FE5200ECEB99 /* Basic */,
				8C81826C2840D33B0089735A /* SwiftUI_HeroApp.swift */,
				8C81826E2840D33B0089735A /* Persistence.swift */,
				8C81826F2840D33B0089735A /* Assets.xcassets */,
				8C81826A2840D33B0089735A /* SwiftUI_Hero.xcdatamodeld */,
				8C75024B2840E46300ECEB99 /* ContentView.swift */,
			);
			path = Shared;
			sourceTree = "<group>";
		};
		8C8182752840D33B0089735A /* Products */ = {
			isa = PBXGroup;
			children = (
				8C8182742840D33B0089735A /* SwiftUI-Hero.app */,
				8C81827A2840D33B0089735A /* SwiftUI-Hero.app */,
				8C357AF928450BB800918DB9 /* Shortcuts.appex */,
			);
			name = Products;
			sourceTree = "<group>";
		};
		8C81827B2840D33B0089735A /* macOS */ = {
			isa = PBXGroup;
			children = (
				8C81827C2840D33B0089735A /* macOS.entitlements */,
			);
			path = macOS;
			sourceTree = "<group>";
		};
		8CD9E2A528426114006DB416 /* Frameworks */ = {
			isa = PBXGroup;
			children = (
				8CD9E2A628426114006DB416 /* CloudKit.framework */,
				8C357AFA28450BB800918DB9 /* Intents.framework */,
			);
			name = Frameworks;
			sourceTree = "<group>";
		};
		8CD9E2A8284261B4006DB416 /* iCloud */ = {
			isa = PBXGroup;
			children = (
				8C81826D2840D33B0089735A /* CloudView.swift */,
			);
			path = iCloud;
			sourceTree = "<group>";
		};
		8CFF781B2848ED6500F1EACE /* Data */ = {
			isa = PBXGroup;
			children = (
				8CFF781C2848ED7600F1EACE /* People.swift */,
			);
			path = Data;
			sourceTree = "<group>";
		};
		8CFF78202848EDB400F1EACE /* SiriKit */ = {
			isa = PBXGroup;
			children = (
				8CFF782C2848F0AD00F1EACE /* Intent Handlers */,
				8CFF78212848EDD600F1EACE /* View */,
				8CFF78292848EEBC00F1EACE /* NewIntents.intentdefinition */,
			);
			path = SiriKit;
			sourceTree = "<group>";
		};
		8CFF78212848EDD600F1EACE /* View */ = {
			isa = PBXGroup;
			children = (
				8C369E8F2844A918000F50BE /* ShortcutView.swift */,
				8CFF78222848EDDE00F1EACE /* PeopleViews.swift */,
			);
			path = View;
			sourceTree = "<group>";
		};
		8CFF782C2848F0AD00F1EACE /* Intent Handlers */ = {
			isa = PBXGroup;
			children = (
				8CFF782D2848F0B800F1EACE /* GetPeopleIntentHandler.swift */,
				8CFF78312848FC5D00F1EACE /* ViewPersonIntentHandler.swift */,
			);
			path = "Intent Handlers";
			sourceTree = "<group>";
		};
/* End PBXGroup section */

/* Begin PBXNativeTarget section */
		8C357AF828450BB800918DB9 /* Shortcuts */ = {
			isa = PBXNativeTarget;
			buildConfigurationList = 8C357B0628450BB800918DB9 /* Build configuration list for PBXNativeTarget "Shortcuts" */;
			buildPhases = (
				8C357AF528450BB800918DB9 /* Sources */,
				8C357AF628450BB800918DB9 /* Frameworks */,
				8C357AF728450BB800918DB9 /* Resources */,
			);
			buildRules = (
			);
			dependencies = (
			);
			name = Shortcuts;
			productName = Shortcuts;
			productReference = 8C357AF928450BB800918DB9 /* Shortcuts.appex */;
			productType = "com.apple.product-type.app-extension";
		};
		8C8182732840D33B0089735A /* SwiftUI-Hero (iOS) */ = {
			isa = PBXNativeTarget;
			buildConfigurationList = 8C8182892840D33B0089735A /* Build configuration list for PBXNativeTarget "SwiftUI-Hero (iOS)" */;
			buildPhases = (
				8C8182702840D33B0089735A /* Sources */,
				8C8182712840D33B0089735A /* Frameworks */,
				8C8182722840D33B0089735A /* Resources */,
				8C357B0328450BB800918DB9 /* Embed App Extensions */,
			);
			buildRules = (
			);
			dependencies = (
				8C357B0128450BB800918DB9 /* PBXTargetDependency */,
			);
			name = "SwiftUI-Hero (iOS)";
			productName = "SwiftUI-Hero (iOS)";
			productReference = 8C8182742840D33B0089735A /* SwiftUI-Hero.app */;
			productType = "com.apple.product-type.application";
		};
		8C8182792840D33B0089735A /* SwiftUI-Hero (macOS) */ = {
			isa = PBXNativeTarget;
			buildConfigurationList = 8C81828C2840D33B0089735A /* Build configuration list for PBXNativeTarget "SwiftUI-Hero (macOS)" */;
			buildPhases = (
				8C8182762840D33B0089735A /* Sources */,
				8C8182772840D33B0089735A /* Frameworks */,
				8C8182782840D33B0089735A /* Resources */,
			);
			buildRules = (
			);
			dependencies = (
			);
			name = "SwiftUI-Hero (macOS)";
			productName = "SwiftUI-Hero (macOS)";
			productReference = 8C81827A2840D33B0089735A /* SwiftUI-Hero.app */;
			productType = "com.apple.product-type.application";
		};
/* End PBXNativeTarget section */

/* Begin PBXProject section */
		8C8182652840D33A0089735A /* Project object */ = {
			isa = PBXProject;
			attributes = {
				BuildIndependentTargetsInParallel = 1;
				LastSwiftUpdateCheck = 1330;
				LastUpgradeCheck = 1330;
				TargetAttributes = {
					8C357AF828450BB800918DB9 = {
						CreatedOnToolsVersion = 13.3;
					};
					8C8182732840D33B0089735A = {
						CreatedOnToolsVersion = 13.3;
					};
					8C8182792840D33B0089735A = {
						CreatedOnToolsVersion = 13.3;
					};
				};
			};
			buildConfigurationList = 8C8182682840D33A0089735A /* Build configuration list for PBXProject "SwiftUI-Hero" */;
			compatibilityVersion = "Xcode 13.0";
			developmentRegion = en;
			hasScannedForEncodings = 0;
			knownRegions = (
				en,
				Base,
			);
			mainGroup = 8C8182642840D33A0089735A;
			productRefGroup = 8C8182752840D33B0089735A /* Products */;
			projectDirPath = "";
			projectRoot = "";
			targets = (
				8C8182732840D33B0089735A /* SwiftUI-Hero (iOS) */,
				8C8182792840D33B0089735A /* SwiftUI-Hero (macOS) */,
				8C357AF828450BB800918DB9 /* Shortcuts */,
			);
		};
/* End PBXProject section */

/* Begin PBXResourcesBuildPhase section */
		8C357AF728450BB800918DB9 /* Resources */ = {
			isa = PBXResourcesBuildPhase;
			buildActionMask = 2147483647;
			files = (
			);
			runOnlyForDeploymentPostprocessing = 0;
		};
		8C8182722840D33B0089735A /* Resources */ = {
			isa = PBXResourcesBuildPhase;
			buildActionMask = 2147483647;
			files = (
				8C8182852840D33B0089735A /* Assets.xcassets in Resources */,
			);
			runOnlyForDeploymentPostprocessing = 0;
		};
		8C8182782840D33B0089735A /* Resources */ = {
			isa = PBXResourcesBuildPhase;
			buildActionMask = 2147483647;
			files = (
				8C8182862840D33B0089735A /* Assets.xcassets in Resources */,
			);
			runOnlyForDeploymentPostprocessing = 0;
		};
/* End PBXResourcesBuildPhase section */

/* Begin PBXSourcesBuildPhase section */
		8C357AF528450BB800918DB9 /* Sources */ = {
			isa = PBXSourcesBuildPhase;
			buildActionMask = 2147483647;
			files = (
				8C357B0828450BE900918DB9 /* Intents.intentdefinition in Sources */,
				8C357B0D28450D8C00918DB9 /* makeUppercaseHandler.swift in Sources */,
				8C357AFE28450BB800918DB9 /* IntentHandler.swift in Sources */,
			);
			runOnlyForDeploymentPostprocessing = 0;
		};
		8C8182702840D33B0089735A /* Sources */ = {
			isa = PBXSourcesBuildPhase;
			buildActionMask = 2147483647;
			files = (
				8C369E902844A918000F50BE /* ShortcutView.swift in Sources */,
				8C81827D2840D33B0089735A /* SwiftUI_Hero.xcdatamodeld in Sources */,
				8C75024C2840E46300ECEB99 /* ContentView.swift in Sources */,
				8C6D79F628420CAE003EEF78 /* ButtonView.swift in Sources */,
				8CFF782E2848F0B800F1EACE /* GetPeopleIntentHandler.swift in Sources */,
				8C6D79F02841FA44003EEF78 /* TextFieldView.swift in Sources */,
				8CD9E2A12842511D006DB416 /* ImageDownloadView.swift in Sources */,
				8C357B0928450C2900918DB9 /* Intents.intentdefinition in Sources */,
				8CD9E29828423F92006DB416 /* ImageView.swift in Sources */,
				8CD9E29E28424EBB006DB416 /* ScaleRotationView.swift in Sources */,
				8C6D79ED2841BE53003EEF78 /* LabelView.swift in Sources */,
				8C8182832840D33B0089735A /* Persistence.swift in Sources */,
				8C7502502840FE5C00ECEB99 /* TextView.swift in Sources */,
				8CD9E29B28424DA3006DB416 /* MaskView.swift in Sources */,
				8CFF78322848FC5D00F1EACE /* ViewPersonIntentHandler.swift in Sources */,
				8CFF782A2848EEBC00F1EACE /* NewIntents.intentdefinition in Sources */,
				8CFF78232848EDDE00F1EACE /* PeopleViews.swift in Sources */,
				8C6D79F3284208EA003EEF78 /* TextEditorView.swift in Sources */,
				8C81827F2840D33B0089735A /* SwiftUI_HeroApp.swift in Sources */,
				8C8182812840D33B0089735A /* CloudView.swift in Sources */,
				8CFF781D2848ED7600F1EACE /* People.swift in Sources */,
			);
			runOnlyForDeploymentPostprocessing = 0;
		};
		8C8182762840D33B0089735A /* Sources */ = {
			isa = PBXSourcesBuildPhase;
			buildActionMask = 2147483647;
			files = (
				8C369E912844A918000F50BE /* ShortcutView.swift in Sources */,
				8C81827E2840D33B0089735A /* SwiftUI_Hero.xcdatamodeld in Sources */,
				8C75024D2840E46300ECEB99 /* ContentView.swift in Sources */,
				8C6D79F728420CAE003EEF78 /* ButtonView.swift in Sources */,
				8CFF78302848F11200F1EACE /* GetPeopleIntentHandler.swift in Sources */,
				8C6D79F12841FA44003EEF78 /* TextFieldView.swift in Sources */,
				8CD9E2A22842511D006DB416 /* ImageDownloadView.swift in Sources */,
				8C357B0A28450C2A00918DB9 /* Intents.intentdefinition in Sources */,
				8CD9E29928423F92006DB416 /* ImageView.swift in Sources */,
				8CD9E29F28424EBB006DB416 /* ScaleRotationView.swift in Sources */,
				8C6D79EE2841BE53003EEF78 /* LabelView.swift in Sources */,
				8C8182842840D33B0089735A /* Persistence.swift in Sources */,
				8C7502512840FE5C00ECEB99 /* TextView.swift in Sources */,
				8CD9E29C28424DA3006DB416 /* MaskView.swift in Sources */,
				8CFF78332848FC5D00F1EACE /* ViewPersonIntentHandler.swift in Sources */,
				8CFF782B2848EEBC00F1EACE /* NewIntents.intentdefinition in Sources */,
				8CFF78242848EDDE00F1EACE /* PeopleViews.swift in Sources */,
				8C6D79F4284208EA003EEF78 /* TextEditorView.swift in Sources */,
				8C8182802840D33B0089735A /* SwiftUI_HeroApp.swift in Sources */,
				8C8182822840D33B0089735A /* CloudView.swift in Sources */,
				8CFF781E2848ED7600F1EACE /* People.swift in Sources */,
			);
			runOnlyForDeploymentPostprocessing = 0;
		};
/* End PBXSourcesBuildPhase section */

/* Begin PBXTargetDependency section */
		8C357B0128450BB800918DB9 /* PBXTargetDependency */ = {
			isa = PBXTargetDependency;
			target = 8C357AF828450BB800918DB9 /* Shortcuts */;
			targetProxy = 8C357B0028450BB800918DB9 /* PBXContainerItemProxy */;
		};
/* End PBXTargetDependency section */

/* Begin XCBuildConfiguration section */
		8C357B0428450BB800918DB9 /* Debug */ = {
			isa = XCBuildConfiguration;
			buildSettings = {
				CODE_SIGN_STYLE = Automatic;
				CURRENT_PROJECT_VERSION = 1;
				DEVELOPMENT_TEAM = 8774ZX9976;
				GENERATE_INFOPLIST_FILE = YES;
				INFOPLIST_FILE = Shortcuts/Info.plist;
				INFOPLIST_KEY_CFBundleDisplayName = Shortcuts;
				INFOPLIST_KEY_NSHumanReadableCopyright = "";
				IPHONEOS_DEPLOYMENT_TARGET = 15.4;
				LD_RUNPATH_SEARCH_PATHS = (
					"$(inherited)",
					"@executable_path/Frameworks",
					"@executable_path/../../Frameworks",
				);
				MARKETING_VERSION = 1.0;
				PRODUCT_BUNDLE_IDENTIFIER = "kidstyo.SwiftUI-Hero.Shortcuts";
				PRODUCT_NAME = "$(TARGET_NAME)";
				SDKROOT = iphoneos;
				SKIP_INSTALL = YES;
				SWIFT_EMIT_LOC_STRINGS = YES;
				SWIFT_VERSION = 5.0;
				TARGETED_DEVICE_FAMILY = "1,2";
			};
			name = Debug;
		};
		8C357B0528450BB800918DB9 /* Release */ = {
			isa = XCBuildConfiguration;
			buildSettings = {
				CODE_SIGN_STYLE = Automatic;
				CURRENT_PROJECT_VERSION = 1;
				DEVELOPMENT_TEAM = 8774ZX9976;
				GENERATE_INFOPLIST_FILE = YES;
				INFOPLIST_FILE = Shortcuts/Info.plist;
				INFOPLIST_KEY_CFBundleDisplayName = Shortcuts;
				INFOPLIST_KEY_NSHumanReadableCopyright = "";
				IPHONEOS_DEPLOYMENT_TARGET = 15.4;
				LD_RUNPATH_SEARCH_PATHS = (
					"$(inherited)",
					"@executable_path/Frameworks",
					"@executable_path/../../Frameworks",
				);
				MARKETING_VERSION = 1.0;
				PRODUCT_BUNDLE_IDENTIFIER = "kidstyo.SwiftUI-Hero.Shortcuts";
				PRODUCT_NAME = "$(TARGET_NAME)";
				SDKROOT = iphoneos;
				SKIP_INSTALL = YES;
				SWIFT_EMIT_LOC_STRINGS = YES;
				SWIFT_VERSION = 5.0;
				TARGETED_DEVICE_FAMILY = "1,2";
				VALIDATE_PRODUCT = YES;
			};
			name = Release;
		};
		8C8182872840D33B0089735A /* Debug */ = {
			isa = XCBuildConfiguration;
			buildSettings = {
				ALWAYS_SEARCH_USER_PATHS = NO;
				CLANG_ANALYZER_NONNULL = YES;
				CLANG_ANALYZER_NUMBER_OBJECT_CONVERSION = YES_AGGRESSIVE;
				CLANG_CXX_LANGUAGE_STANDARD = "gnu++17";
				CLANG_ENABLE_MODULES = YES;
				CLANG_ENABLE_OBJC_ARC = YES;
				CLANG_ENABLE_OBJC_WEAK = YES;
				CLANG_WARN_BLOCK_CAPTURE_AUTORELEASING = YES;
				CLANG_WARN_BOOL_CONVERSION = YES;
				CLANG_WARN_COMMA = YES;
				CLANG_WARN_CONSTANT_CONVERSION = YES;
				CLANG_WARN_DEPRECATED_OBJC_IMPLEMENTATIONS = YES;
				CLANG_WARN_DIRECT_OBJC_ISA_USAGE = YES_ERROR;
				CLANG_WARN_DOCUMENTATION_COMMENTS = YES;
				CLANG_WARN_EMPTY_BODY = YES;
				CLANG_WARN_ENUM_CONVERSION = YES;
				CLANG_WARN_INFINITE_RECURSION = YES;
				CLANG_WARN_INT_CONVERSION = YES;
				CLANG_WARN_NON_LITERAL_NULL_CONVERSION = YES;
				CLANG_WARN_OBJC_IMPLICIT_RETAIN_SELF = YES;
				CLANG_WARN_OBJC_LITERAL_CONVERSION = YES;
				CLANG_WARN_OBJC_ROOT_CLASS = YES_ERROR;
				CLANG_WARN_QUOTED_INCLUDE_IN_FRAMEWORK_HEADER = YES;
				CLANG_WARN_RANGE_LOOP_ANALYSIS = YES;
				CLANG_WARN_STRICT_PROTOTYPES = YES;
				CLANG_WARN_SUSPICIOUS_MOVE = YES;
				CLANG_WARN_UNGUARDED_AVAILABILITY = YES_AGGRESSIVE;
				CLANG_WARN_UNREACHABLE_CODE = YES;
				CLANG_WARN__DUPLICATE_METHOD_MATCH = YES;
				COPY_PHASE_STRIP = NO;
				DEBUG_INFORMATION_FORMAT = dwarf;
				ENABLE_STRICT_OBJC_MSGSEND = YES;
				ENABLE_TESTABILITY = YES;
				GCC_C_LANGUAGE_STANDARD = gnu11;
				GCC_DYNAMIC_NO_PIC = NO;
				GCC_NO_COMMON_BLOCKS = YES;
				GCC_OPTIMIZATION_LEVEL = 0;
				GCC_PREPROCESSOR_DEFINITIONS = (
					"DEBUG=1",
					"$(inherited)",
				);
				GCC_WARN_64_TO_32_BIT_CONVERSION = YES;
				GCC_WARN_ABOUT_RETURN_TYPE = YES_ERROR;
				GCC_WARN_UNDECLARED_SELECTOR = YES;
				GCC_WARN_UNINITIALIZED_AUTOS = YES_AGGRESSIVE;
				GCC_WARN_UNUSED_FUNCTION = YES;
				GCC_WARN_UNUSED_VARIABLE = YES;
				MTL_ENABLE_DEBUG_INFO = INCLUDE_SOURCE;
				MTL_FAST_MATH = YES;
				ONLY_ACTIVE_ARCH = YES;
				SWIFT_ACTIVE_COMPILATION_CONDITIONS = DEBUG;
				SWIFT_OPTIMIZATION_LEVEL = "-Onone";
			};
			name = Debug;
		};
		8C8182882840D33B0089735A /* Release */ = {
			isa = XCBuildConfiguration;
			buildSettings = {
				ALWAYS_SEARCH_USER_PATHS = NO;
				CLANG_ANALYZER_NONNULL = YES;
				CLANG_ANALYZER_NUMBER_OBJECT_CONVERSION = YES_AGGRESSIVE;
				CLANG_CXX_LANGUAGE_STANDARD = "gnu++17";
				CLANG_ENABLE_MODULES = YES;
				CLANG_ENABLE_OBJC_ARC = YES;
				CLANG_ENABLE_OBJC_WEAK = YES;
				CLANG_WARN_BLOCK_CAPTURE_AUTORELEASING = YES;
				CLANG_WARN_BOOL_CONVERSION = YES;
				CLANG_WARN_COMMA = YES;
				CLANG_WARN_CONSTANT_CONVERSION = YES;
				CLANG_WARN_DEPRECATED_OBJC_IMPLEMENTATIONS = YES;
				CLANG_WARN_DIRECT_OBJC_ISA_USAGE = YES_ERROR;
				CLANG_WARN_DOCUMENTATION_COMMENTS = YES;
				CLANG_WARN_EMPTY_BODY = YES;
				CLANG_WARN_ENUM_CONVERSION = YES;
				CLANG_WARN_INFINITE_RECURSION = YES;
				CLANG_WARN_INT_CONVERSION = YES;
				CLANG_WARN_NON_LITERAL_NULL_CONVERSION = YES;
				CLANG_WARN_OBJC_IMPLICIT_RETAIN_SELF = YES;
				CLANG_WARN_OBJC_LITERAL_CONVERSION = YES;
				CLANG_WARN_OBJC_ROOT_CLASS = YES_ERROR;
				CLANG_WARN_QUOTED_INCLUDE_IN_FRAMEWORK_HEADER = YES;
				CLANG_WARN_RANGE_LOOP_ANALYSIS = YES;
				CLANG_WARN_STRICT_PROTOTYPES = YES;
				CLANG_WARN_SUSPICIOUS_MOVE = YES;
				CLANG_WARN_UNGUARDED_AVAILABILITY = YES_AGGRESSIVE;
				CLANG_WARN_UNREACHABLE_CODE = YES;
				CLANG_WARN__DUPLICATE_METHOD_MATCH = YES;
				COPY_PHASE_STRIP = NO;
				DEBUG_INFORMATION_FORMAT = "dwarf-with-dsym";
				ENABLE_NS_ASSERTIONS = NO;
				ENABLE_STRICT_OBJC_MSGSEND = YES;
				GCC_C_LANGUAGE_STANDARD = gnu11;
				GCC_NO_COMMON_BLOCKS = YES;
				GCC_WARN_64_TO_32_BIT_CONVERSION = YES;
				GCC_WARN_ABOUT_RETURN_TYPE = YES_ERROR;
				GCC_WARN_UNDECLARED_SELECTOR = YES;
				GCC_WARN_UNINITIALIZED_AUTOS = YES_AGGRESSIVE;
				GCC_WARN_UNUSED_FUNCTION = YES;
				GCC_WARN_UNUSED_VARIABLE = YES;
				MTL_ENABLE_DEBUG_INFO = NO;
				MTL_FAST_MATH = YES;
				SWIFT_COMPILATION_MODE = wholemodule;
				SWIFT_OPTIMIZATION_LEVEL = "-O";
			};
			name = Release;
		};
		8C81828A2840D33B0089735A /* Debug */ = {
			isa = XCBuildConfiguration;
			buildSettings = {
				ALWAYS_EMBED_SWIFT_STANDARD_LIBRARIES = YES;
				ASSETCATALOG_COMPILER_APPICON_NAME = AppIcon;
				ASSETCATALOG_COMPILER_GLOBAL_ACCENT_COLOR_NAME = AccentColor;
				CODE_SIGN_ENTITLEMENTS = "SwiftUI-Hero (iOS).entitlements";
				CODE_SIGN_STYLE = Automatic;
				CURRENT_PROJECT_VERSION = 1;
				DEVELOPMENT_TEAM = 8774ZX9976;
				ENABLE_PREVIEWS = YES;
				GENERATE_INFOPLIST_FILE = YES;
				INFOPLIST_FILE = "SwiftUI-Hero--iOS--Info.plist";
				INFOPLIST_KEY_UIApplicationSceneManifest_Generation = YES;
				INFOPLIST_KEY_UIApplicationSupportsIndirectInputEvents = YES;
				INFOPLIST_KEY_UILaunchScreen_Generation = YES;
				INFOPLIST_KEY_UISupportedInterfaceOrientations_iPad = "UIInterfaceOrientationPortrait UIInterfaceOrientationPortraitUpsideDown UIInterfaceOrientationLandscapeLeft UIInterfaceOrientationLandscapeRight";
				INFOPLIST_KEY_UISupportedInterfaceOrientations_iPhone = "UIInterfaceOrientationPortrait UIInterfaceOrientationLandscapeLeft UIInterfaceOrientationLandscapeRight";
				IPHONEOS_DEPLOYMENT_TARGET = 15.4;
				LD_RUNPATH_SEARCH_PATHS = (
					"$(inherited)",
					"@executable_path/Frameworks",
				);
				MARKETING_VERSION = 1.0;
				PRODUCT_BUNDLE_IDENTIFIER = "kidstyo.SwiftUI-Hero";
				PRODUCT_NAME = "SwiftUI-Hero";
				SDKROOT = iphoneos;
				SWIFT_EMIT_LOC_STRINGS = YES;
				SWIFT_VERSION = 5.0;
				TARGETED_DEVICE_FAMILY = "1,2";
			};
			name = Debug;
		};
		8C81828B2840D33B0089735A /* Release */ = {
			isa = XCBuildConfiguration;
			buildSettings = {
				ALWAYS_EMBED_SWIFT_STANDARD_LIBRARIES = YES;
				ASSETCATALOG_COMPILER_APPICON_NAME = AppIcon;
				ASSETCATALOG_COMPILER_GLOBAL_ACCENT_COLOR_NAME = AccentColor;
				CODE_SIGN_ENTITLEMENTS = "SwiftUI-Hero (iOS).entitlements";
				CODE_SIGN_STYLE = Automatic;
				CURRENT_PROJECT_VERSION = 1;
				DEVELOPMENT_TEAM = 8774ZX9976;
				ENABLE_PREVIEWS = YES;
				GENERATE_INFOPLIST_FILE = YES;
				INFOPLIST_FILE = "SwiftUI-Hero--iOS--Info.plist";
				INFOPLIST_KEY_UIApplicationSceneManifest_Generation = YES;
				INFOPLIST_KEY_UIApplicationSupportsIndirectInputEvents = YES;
				INFOPLIST_KEY_UILaunchScreen_Generation = YES;
				INFOPLIST_KEY_UISupportedInterfaceOrientations_iPad = "UIInterfaceOrientationPortrait UIInterfaceOrientationPortraitUpsideDown UIInterfaceOrientationLandscapeLeft UIInterfaceOrientationLandscapeRight";
				INFOPLIST_KEY_UISupportedInterfaceOrientations_iPhone = "UIInterfaceOrientationPortrait UIInterfaceOrientationLandscapeLeft UIInterfaceOrientationLandscapeRight";
				IPHONEOS_DEPLOYMENT_TARGET = 15.4;
				LD_RUNPATH_SEARCH_PATHS = (
					"$(inherited)",
					"@executable_path/Frameworks",
				);
				MARKETING_VERSION = 1.0;
				PRODUCT_BUNDLE_IDENTIFIER = "kidstyo.SwiftUI-Hero";
				PRODUCT_NAME = "SwiftUI-Hero";
				SDKROOT = iphoneos;
				SWIFT_EMIT_LOC_STRINGS = YES;
				SWIFT_VERSION = 5.0;
				TARGETED_DEVICE_FAMILY = "1,2";
				VALIDATE_PRODUCT = YES;
			};
			name = Release;
		};
		8C81828D2840D33B0089735A /* Debug */ = {
			isa = XCBuildConfiguration;
			buildSettings = {
				ASSETCATALOG_COMPILER_APPICON_NAME = AppIcon;
				ASSETCATALOG_COMPILER_GLOBAL_ACCENT_COLOR_NAME = AccentColor;
				CODE_SIGN_ENTITLEMENTS = macOS/macOS.entitlements;
				CODE_SIGN_STYLE = Automatic;
				COMBINE_HIDPI_IMAGES = YES;
				CURRENT_PROJECT_VERSION = 1;
				DEVELOPMENT_TEAM = 8774ZX9976;
				ENABLE_HARDENED_RUNTIME = YES;
				ENABLE_PREVIEWS = YES;
				GENERATE_INFOPLIST_FILE = YES;
				INFOPLIST_FILE = "SwiftUI-Hero--macOS--Info.plist";
				INFOPLIST_KEY_NSHumanReadableCopyright = "";
				LD_RUNPATH_SEARCH_PATHS = (
					"$(inherited)",
					"@executable_path/../Frameworks",
				);
				MACOSX_DEPLOYMENT_TARGET = 12.3;
				MARKETING_VERSION = 1.0;
				PRODUCT_BUNDLE_IDENTIFIER = "kidstyo.SwiftUI-Hero";
				PRODUCT_NAME = "SwiftUI-Hero";
				SDKROOT = macosx;
				SWIFT_EMIT_LOC_STRINGS = YES;
				SWIFT_VERSION = 5.0;
			};
			name = Debug;
		};
		8C81828E2840D33B0089735A /* Release */ = {
			isa = XCBuildConfiguration;
			buildSettings = {
				ASSETCATALOG_COMPILER_APPICON_NAME = AppIcon;
				ASSETCATALOG_COMPILER_GLOBAL_ACCENT_COLOR_NAME = AccentColor;
				CODE_SIGN_ENTITLEMENTS = macOS/macOS.entitlements;
				CODE_SIGN_STYLE = Automatic;
				COMBINE_HIDPI_IMAGES = YES;
				CURRENT_PROJECT_VERSION = 1;
				DEVELOPMENT_TEAM = 8774ZX9976;
				ENABLE_HARDENED_RUNTIME = YES;
				ENABLE_PREVIEWS = YES;
				GENERATE_INFOPLIST_FILE = YES;
				INFOPLIST_FILE = "SwiftUI-Hero--macOS--Info.plist";
				INFOPLIST_KEY_NSHumanReadableCopyright = "";
				LD_RUNPATH_SEARCH_PATHS = (
					"$(inherited)",
					"@executable_path/../Frameworks",
				);
				MACOSX_DEPLOYMENT_TARGET = 12.3;
				MARKETING_VERSION = 1.0;
				PRODUCT_BUNDLE_IDENTIFIER = "kidstyo.SwiftUI-Hero";
				PRODUCT_NAME = "SwiftUI-Hero";
				SDKROOT = macosx;
				SWIFT_EMIT_LOC_STRINGS = YES;
				SWIFT_VERSION = 5.0;
			};
			name = Release;
		};
/* End XCBuildConfiguration section */

/* Begin XCConfigurationList section */
		8C357B0628450BB800918DB9 /* Build configuration list for PBXNativeTarget "Shortcuts" */ = {
			isa = XCConfigurationList;
			buildConfigurations = (
				8C357B0428450BB800918DB9 /* Debug */,
				8C357B0528450BB800918DB9 /* Release */,
			);
			defaultConfigurationIsVisible = 0;
			defaultConfigurationName = Release;
		};
		8C8182682840D33A0089735A /* Build configuration list for PBXProject "SwiftUI-Hero" */ = {
			isa = XCConfigurationList;
			buildConfigurations = (
				8C8182872840D33B0089735A /* Debug */,
				8C8182882840D33B0089735A /* Release */,
			);
			defaultConfigurationIsVisible = 0;
			defaultConfigurationName = Release;
		};
		8C8182892840D33B0089735A /* Build configuration list for PBXNativeTarget "SwiftUI-Hero (iOS)" */ = {
			isa = XCConfigurationList;
			buildConfigurations = (
				8C81828A2840D33B0089735A /* Debug */,
				8C81828B2840D33B0089735A /* Release */,
			);
			defaultConfigurationIsVisible = 0;
			defaultConfigurationName = Release;
		};
		8C81828C2840D33B0089735A /* Build configuration list for PBXNativeTarget "SwiftUI-Hero (macOS)" */ = {
			isa = XCConfigurationList;
			buildConfigurations = (
				8C81828D2840D33B0089735A /* Debug */,
				8C81828E2840D33B0089735A /* Release */,
			);
			defaultConfigurationIsVisible = 0;
			defaultConfigurationName = Release;
		};
/* End XCConfigurationList section */

/* Begin XCVersionGroup section */
		8C81826A2840D33B0089735A /* SwiftUI_Hero.xcdatamodeld */ = {
			isa = XCVersionGroup;
			children = (
				8C81826B2840D33B0089735A /* Shared.xcdatamodel */,
			);
			currentVersion = 8C81826B2840D33B0089735A /* Shared.xcdatamodel */;
			path = SwiftUI_Hero.xcdatamodeld;
			sourceTree = "<group>";
			versionGroupType = wrapper.xcdatamodel;
		};
/* End XCVersionGroup section */
	};
	rootObject = 8C8182652840D33A0089735A /* Project object */;
}
